
Microsoft Visual Studio Solution File, Format Version 12.00
# Visual Studio Version 17
VisualStudioVersion = 17.14.36429.23
MinimumVisualStudioVersion = 10.0.40219.1
Project("{2150E333-8FDC-42A3-9474-1A3956D46DE8}") = "Task0", "Task0", "{02EA681E-C7D8-13C7-8484-4AC65E1B71E8}"
EndProject
Project("{FAE04EC0-301F-11D3-BF4B-00C04F79EFBC}") = "Tyuiu.KruchininEP.Sprint2.Task0.V23", "Tyuiu.KruchininEP.Sprint2.Task0.V23\Tyuiu.KruchininEP.Sprint2.Task0.V23.csproj", "{722E3504-79B3-466F-9627-DBA0C6605EBA}"
EndProject
Project("{FAE04EC0-301F-11D3-BF4B-00C04F79EFBC}") = "Tyuiu.KruchininEP.Sprint2.Task0.V23.Test", "Tyuiu.KruchininEP.Sprint2.Task0.V23.Test\Tyuiu.KruchininEP.Sprint2.Task0.V23.Test.csproj", "{5F404903-8930-4FFB-B4F2-879DA03A1806}"
EndProject
Project("{FAE04EC0-301F-11D3-BF4B-00C04F79EFBC}") = "Tyuiu.KruchininEP.Sprint2.Task0.V23.Lib", "Tyuiu.KruchininEP.Sprint2.Task0.V23.Lib\Tyuiu.KruchininEP.Sprint2.Task0.V23.Lib.csproj", "{09FD7BD2-AF97-4E70-BFBB-BDF1CEBA63B0}"
EndProject
Global
	GlobalSection(SolutionConfigurationPlatforms) = preSolution
		Debug|Any CPU = Debug|Any CPU
		Release|Any CPU = Release|Any CPU
	EndGlobalSection
	GlobalSection(ProjectConfigurationPlatforms) = postSolution
		{722E3504-79B3-466F-9627-DBA0C6605EBA}.Debug|Any CPU.ActiveCfg = Debug|Any CPU
		{722E3504-79B3-466F-9627-DBA0C6605EBA}.Debug|Any CPU.Build.0 = Debug|Any CPU
		{722E3504-79B3-466F-9627-DBA0C6605EBA}.Release|Any CPU.ActiveCfg = Release|Any CPU
		{722E3504-79B3-466F-9627-DBA0C6605EBA}.Release|Any CPU.Build.0 = Release|Any CPU
		{5F404903-8930-4FFB-B4F2-879DA03A1806}.Debug|Any CPU.ActiveCfg = Debug|Any CPU
		{5F404903-8930-4FFB-B4F2-879DA03A1806}.Debug|Any CPU.Build.0 = Debug|Any CPU
		{5F404903-8930-4FFB-B4F2-879DA03A1806}.Release|Any CPU.ActiveCfg = Release|Any CPU
		{5F404903-8930-4FFB-B4F2-879DA03A1806}.Release|Any CPU.Build.0 = Release|Any CPU
		{09FD7BD2-AF97-4E70-BFBB-BDF1CEBA63B0}.Debug|Any CPU.ActiveCfg = Debug|Any CPU
		{09FD7BD2-AF97-4E70-BFBB-BDF1CEBA63B0}.Debug|Any CPU.Build.0 = Debug|Any CPU
		{09FD7BD2-AF97-4E70-BFBB-BDF1CEBA63B0}.Release|Any CPU.ActiveCfg = Release|Any CPU
		{09FD7BD2-AF97-4E70-BFBB-BDF1CEBA63B0}.Release|Any CPU.Build.0 = Release|Any CPU
	EndGlobalSection
	GlobalSection(SolutionProperties) = preSolution
		HideSolutionNode = FALSE
	EndGlobalSection
	GlobalSection(NestedProjects) = preSolution
		{722E3504-79B3-466F-9627-DBA0C6605EBA} = {02EA681E-C7D8-13C7-8484-4AC65E1B71E8}
		{5F404903-8930-4FFB-B4F2-879DA03A1806} = {02EA681E-C7D8-13C7-8484-4AC65E1B71E8}
		{09FD7BD2-AF97-4E70-BFBB-BDF1CEBA63B0} = {02EA681E-C7D8-13C7-8484-4AC65E1B71E8}
	EndGlobalSection
	GlobalSection(ExtensibilityGlobals) = postSolution
		SolutionGuid = {F12A3032-11A7-4B01-A6E6-DE53AF480492}
	EndGlobalSection
EndGlobal
