
Microsoft Visual Studio Solution File, Format Version 12.00
# Visual Studio Version 17
VisualStudioVersion = 17.14.36429.23
MinimumVisualStudioVersion = 10.0.40219.1
Project("{2150E333-8FDC-42A3-9474-1A3956D46DE8}") = "Task0", "Task0", "{02EA681E-C7D8-13C7-8484-4AC65E1B71E8}"
EndProject
Project("{FAE04EC0-301F-11D3-BF4B-00C04F79EFBC}") = "Tyuiu.KruchininEP.Sprint2.Task0.V23", "Tyuiu.KruchininEP.Sprint2.Task0.V23\Tyuiu.KruchininEP.Sprint2.Task0.V23.csproj", "{722E3504-79B3-466F-9627-DBA0C6605EBA}"
EndProject
Project("{FAE04EC0-301F-11D3-BF4B-00C04F79EFBC}") = "Tyuiu.KruchininEP.Sprint2.Task0.V23.Test", "Tyuiu.KruchininEP.Sprint2.Task0.V23.Test\Tyuiu.KruchininEP.Sprint2.Task0.V23.Test.csproj", "{5F404903-8930-4FFB-B4F2-879DA03A1806}"
EndProject
Project("{FAE04EC0-301F-11D3-BF4B-00C04F79EFBC}") = "Tyuiu.KruchininEP.Sprint2.Task0.V23.Lib", "Tyuiu.KruchininEP.Sprint2.Task0.V23.Lib\Tyuiu.KruchininEP.Sprint2.Task0.V23.Lib.csproj", "{09FD7BD2-AF97-4E70-BFBB-BDF1CEBA63B0}"
EndProject
Project("{2150E333-8FDC-42A3-9474-1A3956D46DE8}") = "Task1", "Task1", "{5559B03E-2907-4D01-A39D-2FF1FB225D6B}"
EndProject
Project("{FAE04EC0-301F-11D3-BF4B-00C04F79EFBC}") = "Tyuiu.KruchininEP.Sprint2.Task1.V13", "Tyuiu.KruchininEP.Sprint2.Task1.V13\Tyuiu.KruchininEP.Sprint2.Task1.V13.csproj", "{38A720EF-0DB4-44B8-A57D-BE9687D9E831}"
EndProject
Project("{FAE04EC0-301F-11D3-BF4B-00C04F79EFBC}") = "Tyuiu.KruchininEP.Sprint2.Task1.V13.Test", "Tyuiu.KruchininEP.Sprint2.Task1.V13.Test\Tyuiu.KruchininEP.Sprint2.Task1.V13.Test.csproj", "{7071F53E-289A-413A-BA43-61CD604E9464}"
EndProject
Project("{FAE04EC0-301F-11D3-BF4B-00C04F79EFBC}") = "Tyuiu.KruchininEP.Sprint2.Task1.V13.Lib", "Tyuiu.KruchininEP.Sprint2.Task1.V13.Lib\Tyuiu.KruchininEP.Sprint2.Task1.V13.Lib.csproj", "{619EF006-B20C-4FBA-966C-B130464B7866}"
EndProject
Project("{2150E333-8FDC-42A3-9474-1A3956D46DE8}") = "Task2", "Task2", "{6E79714D-120B-4A09-A27D-60914BDD549A}"
EndProject
Project("{FAE04EC0-301F-11D3-BF4B-00C04F79EFBC}") = "Tyuiu.KruchininEP.Sprint2.Task2.V11", "Tyuiu.KruchininEP.Sprint2.Task2.V11\Tyuiu.KruchininEP.Sprint2.Task2.V11.csproj", "{27CF13D5-34A1-4640-86D6-75F68D233557}"
EndProject
Project("{FAE04EC0-301F-11D3-BF4B-00C04F79EFBC}") = "Tyuiu.KruchininEP.Sprint2.Task2.V11.Lib", "Tyuiu.KruchininEP.Sprint2.Task2.V11.Lib\Tyuiu.KruchininEP.Sprint2.Task2.V11.Lib.csproj", "{8089BD79-3330-4562-9668-C76AF5C9B07A}"
EndProject
Project("{FAE04EC0-301F-11D3-BF4B-00C04F79EFBC}") = "Tyuiu.KruchininEP.Sprint2.Task2.V11.Test", "Tyuiu.KruchininEP.Sprint2.Task2.V11.Test\Tyuiu.KruchininEP.Sprint2.Task2.V11.Test.csproj", "{CDC3F645-B1CB-445C-BB8B-4E5EF09A1AB7}"
EndProject
Project("{2150E333-8FDC-42A3-9474-1A3956D46DE8}") = "Task3", "Task3", "{DB50DBE5-F43E-44EA-962E-A9509CD08461}"
EndProject
Project("{FAE04EC0-301F-11D3-BF4B-00C04F79EFBC}") = "Tyuiu.KruchininEP.Sprint2.Task3.V23", "Tyuiu.KruchininEP.Sprint2.Task3.V23\Tyuiu.KruchininEP.Sprint2.Task3.V23.csproj", "{D18A7BCA-B642-4199-A5B5-4F13A4F3DE2F}"
EndProject
Project("{FAE04EC0-301F-11D3-BF4B-00C04F79EFBC}") = "Tyuiu.KruchininEP.Sprint2.Task3.V23.Test", "Tyuiu.KruchininEP.Sprint2.Task3.V23.Test\Tyuiu.KruchininEP.Sprint2.Task3.V23.Test.csproj", "{D6D014D7-D5D2-4D80-8E93-92EBC5438EA4}"
EndProject
Project("{FAE04EC0-301F-11D3-BF4B-00C04F79EFBC}") = "Tyuiu.KruchininEP.Sprint2.Task3.V23.Lib", "Tyuiu.KruchininEP.Sprint2.Task3.V23.Lib\Tyuiu.KruchininEP.Sprint2.Task3.V23.Lib.csproj", "{D9992FCE-331F-4B8D-AB57-5B670729D3BA}"
EndProject
Project("{2150E333-8FDC-42A3-9474-1A3956D46DE8}") = "Task4", "Task4", "{538A32AB-0A12-4BF3-87BF-73CBBF593481}"
EndProject
Project("{FAE04EC0-301F-11D3-BF4B-00C04F79EFBC}") = "Tyuiu.KruchininEP.Sprint2.Task4.V23", "Tyuiu.KruchininEP.Sprint2.Task4.V23\Tyuiu.KruchininEP.Sprint2.Task4.V23.csproj", "{35DA1888-5D8C-413A-85C1-F97BE02B5F89}"
EndProject
Project("{FAE04EC0-301F-11D3-BF4B-00C04F79EFBC}") = "Tyuiu.KruchininEP.Sprint2.Task4.V23.Lib", "Tyuiu.KruchininEP.Sprint2.Task4.V23.Lib\Tyuiu.KruchininEP.Sprint2.Task4.V23.Lib.csproj", "{94682CDE-222D-4143-801F-1D5AD2A8A6E9}"
EndProject
Project("{FAE04EC0-301F-11D3-BF4B-00C04F79EFBC}") = "Tyuiu.KruchininEP.Sprint2.Task4.V23.Test", "Tyuiu.KruchininEP.Sprint2.Task4.V23.Test\Tyuiu.KruchininEP.Sprint2.Task4.V23.Test.csproj", "{6EB2861E-931A-4058-AB9B-97414EA4E62C}"
EndProject
Project("{2150E333-8FDC-42A3-9474-1A3956D46DE8}") = "Task5", "Task5", "{3FA15958-4943-40EF-AC76-926CCC3A4895}"
EndProject
Project("{FAE04EC0-301F-11D3-BF4B-00C04F79EFBC}") = "Tyuiu.KruchininEP.Sprint2.Task5.V4", "Tyuiu.KruchininEP.Sprint2.Task5.V4\Tyuiu.KruchininEP.Sprint2.Task5.V4.csproj", "{A4835BD8-65EE-449C-B077-0048B8994D6B}"
EndProject
Project("{FAE04EC0-301F-11D3-BF4B-00C04F79EFBC}") = "Tyuiu.KruchininEP.Sprint2.Task5.V4.Test", "Tyuiu.KruchininEP.Sprint2.Task5.V4.Test\Tyuiu.KruchininEP.Sprint2.Task5.V4.Test.csproj", "{46EF6365-353A-4CAA-B8B8-A3CA2D3452E5}"
EndProject
Project("{FAE04EC0-301F-11D3-BF4B-00C04F79EFBC}") = "Tyuiu.KruchininEP.Sprint2.Task5.V4.Lib", "Tyuiu.KruchininEP.Sprint2.Task5.V4.Lib\Tyuiu.KruchininEP.Sprint2.Task5.V4.Lib.csproj", "{855FC128-1FFF-40B2-876B-456CDC444E56}"
EndProject
Project("{2150E333-8FDC-42A3-9474-1A3956D46DE8}") = "Task6", "Task6", "{EAED72BC-B0CB-44AB-9370-CE519637761A}"
EndProject
Project("{FAE04EC0-301F-11D3-BF4B-00C04F79EFBC}") = "Tyuiu.KruchininEP.Sprint2.Task6.V6", "Tyuiu.KruchininEP.Sprint2.Task6.V6\Tyuiu.KruchininEP.Sprint2.Task6.V6.csproj", "{17E4A3B9-38AF-4938-B813-3DDFC84AA265}"
EndProject
Project("{FAE04EC0-301F-11D3-BF4B-00C04F79EFBC}") = "Tyuiu.KruchininEP.Sprint2.Task6.V6.Lib", "Tyuiu.KruchininEP.Sprint2.Task6.V6.Lib\Tyuiu.KruchininEP.Sprint2.Task6.V6.Lib.csproj", "{E68603EE-663D-4B2B-B57B-F3BFB3E6A729}"
EndProject
Project("{FAE04EC0-301F-11D3-BF4B-00C04F79EFBC}") = "Tyuiu.KruchininEP.Sprint2.Task6.V6.Test", "Tyuiu.KruchininEP.Sprint2.Task6.V6.Test\Tyuiu.KruchininEP.Sprint2.Task6.V6.Test.csproj", "{CB584D32-46D3-487E-8677-FC83DC0DAFBC}"
EndProject
Global
	GlobalSection(SolutionConfigurationPlatforms) = preSolution
		Debug|Any CPU = Debug|Any CPU
		Release|Any CPU = Release|Any CPU
	EndGlobalSection
	GlobalSection(ProjectConfigurationPlatforms) = postSolution
		{722E3504-79B3-466F-9627-DBA0C6605EBA}.Debug|Any CPU.ActiveCfg = Debug|Any CPU
		{722E3504-79B3-466F-9627-DBA0C6605EBA}.Debug|Any CPU.Build.0 = Debug|Any CPU
		{722E3504-79B3-466F-9627-DBA0C6605EBA}.Release|Any CPU.ActiveCfg = Release|Any CPU
		{722E3504-79B3-466F-9627-DBA0C6605EBA}.Release|Any CPU.Build.0 = Release|Any CPU
		{5F404903-8930-4FFB-B4F2-879DA03A1806}.Debug|Any CPU.ActiveCfg = Debug|Any CPU
		{5F404903-8930-4FFB-B4F2-879DA03A1806}.Debug|Any CPU.Build.0 = Debug|Any CPU
		{5F404903-8930-4FFB-B4F2-879DA03A1806}.Release|Any CPU.ActiveCfg = Release|Any CPU
		{5F404903-8930-4FFB-B4F2-879DA03A1806}.Release|Any CPU.Build.0 = Release|Any CPU
		{09FD7BD2-AF97-4E70-BFBB-BDF1CEBA63B0}.Debug|Any CPU.ActiveCfg = Debug|Any CPU
		{09FD7BD2-AF97-4E70-BFBB-BDF1CEBA63B0}.Debug|Any CPU.Build.0 = Debug|Any CPU
		{09FD7BD2-AF97-4E70-BFBB-BDF1CEBA63B0}.Release|Any CPU.ActiveCfg = Release|Any CPU
		{09FD7BD2-AF97-4E70-BFBB-BDF1CEBA63B0}.Release|Any CPU.Build.0 = Release|Any CPU
		{38A720EF-0DB4-44B8-A57D-BE9687D9E831}.Debug|Any CPU.ActiveCfg = Debug|Any CPU
		{38A720EF-0DB4-44B8-A57D-BE9687D9E831}.Debug|Any CPU.Build.0 = Debug|Any CPU
		{38A720EF-0DB4-44B8-A57D-BE9687D9E831}.Release|Any CPU.ActiveCfg = Release|Any CPU
		{38A720EF-0DB4-44B8-A57D-BE9687D9E831}.Release|Any CPU.Build.0 = Release|Any CPU
		{7071F53E-289A-413A-BA43-61CD604E9464}.Debug|Any CPU.ActiveCfg = Debug|Any CPU
		{7071F53E-289A-413A-BA43-61CD604E9464}.Debug|Any CPU.Build.0 = Debug|Any CPU
		{7071F53E-289A-413A-BA43-61CD604E9464}.Release|Any CPU.ActiveCfg = Release|Any CPU
		{7071F53E-289A-413A-BA43-61CD604E9464}.Release|Any CPU.Build.0 = Release|Any CPU
		{619EF006-B20C-4FBA-966C-B130464B7866}.Debug|Any CPU.ActiveCfg = Debug|Any CPU
		{619EF006-B20C-4FBA-966C-B130464B7866}.Debug|Any CPU.Build.0 = Debug|Any CPU
		{619EF006-B20C-4FBA-966C-B130464B7866}.Release|Any CPU.ActiveCfg = Release|Any CPU
		{619EF006-B20C-4FBA-966C-B130464B7866}.Release|Any CPU.Build.0 = Release|Any CPU
		{27CF13D5-34A1-4640-86D6-75F68D233557}.Debug|Any CPU.ActiveCfg = Debug|Any CPU
		{27CF13D5-34A1-4640-86D6-75F68D233557}.Debug|Any CPU.Build.0 = Debug|Any CPU
		{27CF13D5-34A1-4640-86D6-75F68D233557}.Release|Any CPU.ActiveCfg = Release|Any CPU
		{27CF13D5-34A1-4640-86D6-75F68D233557}.Release|Any CPU.Build.0 = Release|Any CPU
		{8089BD79-3330-4562-9668-C76AF5C9B07A}.Debug|Any CPU.ActiveCfg = Debug|Any CPU
		{8089BD79-3330-4562-9668-C76AF5C9B07A}.Debug|Any CPU.Build.0 = Debug|Any CPU
		{8089BD79-3330-4562-9668-C76AF5C9B07A}.Release|Any CPU.ActiveCfg = Release|Any CPU
		{8089BD79-3330-4562-9668-C76AF5C9B07A}.Release|Any CPU.Build.0 = Release|Any CPU
		{CDC3F645-B1CB-445C-BB8B-4E5EF09A1AB7}.Debug|Any CPU.ActiveCfg = Debug|Any CPU
		{CDC3F645-B1CB-445C-BB8B-4E5EF09A1AB7}.Debug|Any CPU.Build.0 = Debug|Any CPU
		{CDC3F645-B1CB-445C-BB8B-4E5EF09A1AB7}.Release|Any CPU.ActiveCfg = Release|Any CPU
		{CDC3F645-B1CB-445C-BB8B-4E5EF09A1AB7}.Release|Any CPU.Build.0 = Release|Any CPU
		{D18A7BCA-B642-4199-A5B5-4F13A4F3DE2F}.Debug|Any CPU.ActiveCfg = Debug|Any CPU
		{D18A7BCA-B642-4199-A5B5-4F13A4F3DE2F}.Debug|Any CPU.Build.0 = Debug|Any CPU
		{D18A7BCA-B642-4199-A5B5-4F13A4F3DE2F}.Release|Any CPU.ActiveCfg = Release|Any CPU
		{D18A7BCA-B642-4199-A5B5-4F13A4F3DE2F}.Release|Any CPU.Build.0 = Release|Any CPU
		{D6D014D7-D5D2-4D80-8E93-92EBC5438EA4}.Debug|Any CPU.ActiveCfg = Debug|Any CPU
		{D6D014D7-D5D2-4D80-8E93-92EBC5438EA4}.Debug|Any CPU.Build.0 = Debug|Any CPU
		{D6D014D7-D5D2-4D80-8E93-92EBC5438EA4}.Release|Any CPU.ActiveCfg = Release|Any CPU
		{D6D014D7-D5D2-4D80-8E93-92EBC5438EA4}.Release|Any CPU.Build.0 = Release|Any CPU
		{D9992FCE-331F-4B8D-AB57-5B670729D3BA}.Debug|Any CPU.ActiveCfg = Debug|Any CPU
		{D9992FCE-331F-4B8D-AB57-5B670729D3BA}.Debug|Any CPU.Build.0 = Debug|Any CPU
		{D9992FCE-331F-4B8D-AB57-5B670729D3BA}.Release|Any CPU.ActiveCfg = Release|Any CPU
		{D9992FCE-331F-4B8D-AB57-5B670729D3BA}.Release|Any CPU.Build.0 = Release|Any CPU
		{35DA1888-5D8C-413A-85C1-F97BE02B5F89}.Debug|Any CPU.ActiveCfg = Debug|Any CPU
		{35DA1888-5D8C-413A-85C1-F97BE02B5F89}.Debug|Any CPU.Build.0 = Debug|Any CPU
		{35DA1888-5D8C-413A-85C1-F97BE02B5F89}.Release|Any CPU.ActiveCfg = Release|Any CPU
		{35DA1888-5D8C-413A-85C1-F97BE02B5F89}.Release|Any CPU.Build.0 = Release|Any CPU
		{94682CDE-222D-4143-801F-1D5AD2A8A6E9}.Debug|Any CPU.ActiveCfg = Debug|Any CPU
		{94682CDE-222D-4143-801F-1D5AD2A8A6E9}.Debug|Any CPU.Build.0 = Debug|Any CPU
		{94682CDE-222D-4143-801F-1D5AD2A8A6E9}.Release|Any CPU.ActiveCfg = Release|Any CPU
		{94682CDE-222D-4143-801F-1D5AD2A8A6E9}.Release|Any CPU.Build.0 = Release|Any CPU
		{6EB2861E-931A-4058-AB9B-97414EA4E62C}.Debug|Any CPU.ActiveCfg = Debug|Any CPU
		{6EB2861E-931A-4058-AB9B-97414EA4E62C}.Debug|Any CPU.Build.0 = Debug|Any CPU
		{6EB2861E-931A-4058-AB9B-97414EA4E62C}.Release|Any CPU.ActiveCfg = Release|Any CPU
		{6EB2861E-931A-4058-AB9B-97414EA4E62C}.Release|Any CPU.Build.0 = Release|Any CPU
		{A4835BD8-65EE-449C-B077-0048B8994D6B}.Debug|Any CPU.ActiveCfg = Debug|Any CPU
		{A4835BD8-65EE-449C-B077-0048B8994D6B}.Debug|Any CPU.Build.0 = Debug|Any CPU
		{A4835BD8-65EE-449C-B077-0048B8994D6B}.Release|Any CPU.ActiveCfg = Release|Any CPU
		{A4835BD8-65EE-449C-B077-0048B8994D6B}.Release|Any CPU.Build.0 = Release|Any CPU
		{46EF6365-353A-4CAA-B8B8-A3CA2D3452E5}.Debug|Any CPU.ActiveCfg = Debug|Any CPU
		{46EF6365-353A-4CAA-B8B8-A3CA2D3452E5}.Debug|Any CPU.Build.0 = Debug|Any CPU
		{46EF6365-353A-4CAA-B8B8-A3CA2D3452E5}.Release|Any CPU.ActiveCfg = Release|Any CPU
		{46EF6365-353A-4CAA-B8B8-A3CA2D3452E5}.Release|Any CPU.Build.0 = Release|Any CPU
		{855FC128-1FFF-40B2-876B-456CDC444E56}.Debug|Any CPU.ActiveCfg = Debug|Any CPU
		{855FC128-1FFF-40B2-876B-456CDC444E56}.Debug|Any CPU.Build.0 = Debug|Any CPU
		{855FC128-1FFF-40B2-876B-456CDC444E56}.Release|Any CPU.ActiveCfg = Release|Any CPU
		{855FC128-1FFF-40B2-876B-456CDC444E56}.Release|Any CPU.Build.0 = Release|Any CPU
		{17E4A3B9-38AF-4938-B813-3DDFC84AA265}.Debug|Any CPU.ActiveCfg = Debug|Any CPU
		{17E4A3B9-38AF-4938-B813-3DDFC84AA265}.Debug|Any CPU.Build.0 = Debug|Any CPU
		{17E4A3B9-38AF-4938-B813-3DDFC84AA265}.Release|Any CPU.ActiveCfg = Release|Any CPU
		{17E4A3B9-38AF-4938-B813-3DDFC84AA265}.Release|Any CPU.Build.0 = Release|Any CPU
		{E68603EE-663D-4B2B-B57B-F3BFB3E6A729}.Debug|Any CPU.ActiveCfg = Debug|Any CPU
		{E68603EE-663D-4B2B-B57B-F3BFB3E6A729}.Debug|Any CPU.Build.0 = Debug|Any CPU
		{E68603EE-663D-4B2B-B57B-F3BFB3E6A729}.Release|Any CPU.ActiveCfg = Release|Any CPU
		{E68603EE-663D-4B2B-B57B-F3BFB3E6A729}.Release|Any CPU.Build.0 = Release|Any CPU
		{CB584D32-46D3-487E-8677-FC83DC0DAFBC}.Debug|Any CPU.ActiveCfg = Debug|Any CPU
		{CB584D32-46D3-487E-8677-FC83DC0DAFBC}.Debug|Any CPU.Build.0 = Debug|Any CPU
		{CB584D32-46D3-487E-8677-FC83DC0DAFBC}.Release|Any CPU.ActiveCfg = Release|Any CPU
		{CB584D32-46D3-487E-8677-FC83DC0DAFBC}.Release|Any CPU.Build.0 = Release|Any CPU
	EndGlobalSection
	GlobalSection(SolutionProperties) = preSolution
		HideSolutionNode = FALSE
	EndGlobalSection
	GlobalSection(NestedProjects) = preSolution
		{722E3504-79B3-466F-9627-DBA0C6605EBA} = {02EA681E-C7D8-13C7-8484-4AC65E1B71E8}
		{5F404903-8930-4FFB-B4F2-879DA03A1806} = {02EA681E-C7D8-13C7-8484-4AC65E1B71E8}
		{09FD7BD2-AF97-4E70-BFBB-BDF1CEBA63B0} = {02EA681E-C7D8-13C7-8484-4AC65E1B71E8}
		{38A720EF-0DB4-44B8-A57D-BE9687D9E831} = {5559B03E-2907-4D01-A39D-2FF1FB225D6B}
		{7071F53E-289A-413A-BA43-61CD604E9464} = {5559B03E-2907-4D01-A39D-2FF1FB225D6B}
		{619EF006-B20C-4FBA-966C-B130464B7866} = {5559B03E-2907-4D01-A39D-2FF1FB225D6B}
		{27CF13D5-34A1-4640-86D6-75F68D233557} = {6E79714D-120B-4A09-A27D-60914BDD549A}
		{8089BD79-3330-4562-9668-C76AF5C9B07A} = {6E79714D-120B-4A09-A27D-60914BDD549A}
		{CDC3F645-B1CB-445C-BB8B-4E5EF09A1AB7} = {6E79714D-120B-4A09-A27D-60914BDD549A}
		{D18A7BCA-B642-4199-A5B5-4F13A4F3DE2F} = {DB50DBE5-F43E-44EA-962E-A9509CD08461}
		{D6D014D7-D5D2-4D80-8E93-92EBC5438EA4} = {DB50DBE5-F43E-44EA-962E-A9509CD08461}
		{D9992FCE-331F-4B8D-AB57-5B670729D3BA} = {DB50DBE5-F43E-44EA-962E-A9509CD08461}
		{35DA1888-5D8C-413A-85C1-F97BE02B5F89} = {538A32AB-0A12-4BF3-87BF-73CBBF593481}
		{94682CDE-222D-4143-801F-1D5AD2A8A6E9} = {538A32AB-0A12-4BF3-87BF-73CBBF593481}
		{6EB2861E-931A-4058-AB9B-97414EA4E62C} = {538A32AB-0A12-4BF3-87BF-73CBBF593481}
		{A4835BD8-65EE-449C-B077-0048B8994D6B} = {3FA15958-4943-40EF-AC76-926CCC3A4895}
		{46EF6365-353A-4CAA-B8B8-A3CA2D3452E5} = {3FA15958-4943-40EF-AC76-926CCC3A4895}
		{855FC128-1FFF-40B2-876B-456CDC444E56} = {3FA15958-4943-40EF-AC76-926CCC3A4895}
		{17E4A3B9-38AF-4938-B813-3DDFC84AA265} = {EAED72BC-B0CB-44AB-9370-CE519637761A}
		{E68603EE-663D-4B2B-B57B-F3BFB3E6A729} = {EAED72BC-B0CB-44AB-9370-CE519637761A}
		{CB584D32-46D3-487E-8677-FC83DC0DAFBC} = {EAED72BC-B0CB-44AB-9370-CE519637761A}
	EndGlobalSection
	GlobalSection(ExtensibilityGlobals) = postSolution
		SolutionGuid = {F12A3032-11A7-4B01-A6E6-DE53AF480492}
	EndGlobalSection
EndGlobal
