
Microsoft Visual Studio Solution File, Format Version 12.00
# Visual Studio Version 17
VisualStudioVersion = 17.14.36429.23
MinimumVisualStudioVersion = 10.0.40219.1
Project("{2150E333-8FDC-42A3-9474-1A3956D46DE8}") = "Task0", "Task0", "{02EA681E-C7D8-13C7-8484-4AC65E1B71E8}"
EndProject
Project("{FAE04EC0-301F-11D3-BF4B-00C04F79EFBC}") = "Tyuiu.KruchininEP.Sprint2.Task0.V23", "Tyuiu.KruchininEP.Sprint2.Task0.V23\Tyuiu.KruchininEP.Sprint2.Task0.V23.csproj", "{722E3504-79B3-466F-9627-DBA0C6605EBA}"
EndProject
Project("{FAE04EC0-301F-11D3-BF4B-00C04F79EFBC}") = "Tyuiu.KruchininEP.Sprint2.Task0.V23.Test", "Tyuiu.KruchininEP.Sprint2.Task0.V23.Test\Tyuiu.KruchininEP.Sprint2.Task0.V23.Test.csproj", "{5F404903-8930-4FFB-B4F2-879DA03A1806}"
EndProject
Project("{FAE04EC0-301F-11D3-BF4B-00C04F79EFBC}") = "Tyuiu.KruchininEP.Sprint2.Task0.V23.Lib", "Tyuiu.KruchininEP.Sprint2.Task0.V23.Lib\Tyuiu.KruchininEP.Sprint2.Task0.V23.Lib.csproj", "{09FD7BD2-AF97-4E70-BFBB-BDF1CEBA63B0}"
EndProject
Project("{2150E333-8FDC-42A3-9474-1A3956D46DE8}") = "Task1", "Task1", "{5559B03E-2907-4D01-A39D-2FF1FB225D6B}"
EndProject
Project("{FAE04EC0-301F-11D3-BF4B-00C04F79EFBC}") = "Tyuiu.KruchininEP.Sprint2.Task1.V13", "Tyuiu.KruchiniEP.Sprint2.Task1.V13\Tyuiu.KruchininEP.Sprint2.Task1.V13.csproj", "{4943EE97-BBB1-4B72-A7E2-BCFE41350A7D}"
EndProject
Project("{FAE04EC0-301F-11D3-BF4B-00C04F79EFBC}") = "Tyuiu.KruchininEP.Sprint2.Task1.V13.Lib", "Tyuiu.KruchiniEP.Sprint2.Task1.V13.Lib\Tyuiu.KruchininEP.Sprint2.Task1.V13.Lib.csproj", "{1249A230-0E35-4A53-BD91-C24232A8C6F5}"
EndProject
Project("{FAE04EC0-301F-11D3-BF4B-00C04F79EFBC}") = "Tyuiu.KruchininEP.Sprint2.Task1.V13.Test", "Tyuiu.KruchiniEP.Sprint2.Task1.V13.Test\Tyuiu.KruchininEP.Sprint2.Task1.V13.Test.csproj", "{39E4F297-C698-441E-9819-B226BFDCD76A}"
EndProject
Global
	GlobalSection(SolutionConfigurationPlatforms) = preSolution
		Debug|Any CPU = Debug|Any CPU
		Release|Any CPU = Release|Any CPU
	EndGlobalSection
	GlobalSection(ProjectConfigurationPlatforms) = postSolution
		{722E3504-79B3-466F-9627-DBA0C6605EBA}.Debug|Any CPU.ActiveCfg = Debug|Any CPU
		{722E3504-79B3-466F-9627-DBA0C6605EBA}.Debug|Any CPU.Build.0 = Debug|Any CPU
		{722E3504-79B3-466F-9627-DBA0C6605EBA}.Release|Any CPU.ActiveCfg = Release|Any CPU
		{722E3504-79B3-466F-9627-DBA0C6605EBA}.Release|Any CPU.Build.0 = Release|Any CPU
		{5F404903-8930-4FFB-B4F2-879DA03A1806}.Debug|Any CPU.ActiveCfg = Debug|Any CPU
		{5F404903-8930-4FFB-B4F2-879DA03A1806}.Debug|Any CPU.Build.0 = Debug|Any CPU
		{5F404903-8930-4FFB-B4F2-879DA03A1806}.Release|Any CPU.ActiveCfg = Release|Any CPU
		{5F404903-8930-4FFB-B4F2-879DA03A1806}.Release|Any CPU.Build.0 = Release|Any CPU
		{09FD7BD2-AF97-4E70-BFBB-BDF1CEBA63B0}.Debug|Any CPU.ActiveCfg = Debug|Any CPU
		{09FD7BD2-AF97-4E70-BFBB-BDF1CEBA63B0}.Debug|Any CPU.Build.0 = Debug|Any CPU
		{09FD7BD2-AF97-4E70-BFBB-BDF1CEBA63B0}.Release|Any CPU.ActiveCfg = Release|Any CPU
		{09FD7BD2-AF97-4E70-BFBB-BDF1CEBA63B0}.Release|Any CPU.Build.0 = Release|Any CPU
		{4943EE97-BBB1-4B72-A7E2-BCFE41350A7D}.Debug|Any CPU.ActiveCfg = Debug|Any CPU
		{4943EE97-BBB1-4B72-A7E2-BCFE41350A7D}.Debug|Any CPU.Build.0 = Debug|Any CPU
		{4943EE97-BBB1-4B72-A7E2-BCFE41350A7D}.Release|Any CPU.ActiveCfg = Release|Any CPU
		{4943EE97-BBB1-4B72-A7E2-BCFE41350A7D}.Release|Any CPU.Build.0 = Release|Any CPU
		{1249A230-0E35-4A53-BD91-C24232A8C6F5}.Debug|Any CPU.ActiveCfg = Debug|Any CPU
		{1249A230-0E35-4A53-BD91-C24232A8C6F5}.Debug|Any CPU.Build.0 = Debug|Any CPU
		{1249A230-0E35-4A53-BD91-C24232A8C6F5}.Release|Any CPU.ActiveCfg = Release|Any CPU
		{1249A230-0E35-4A53-BD91-C24232A8C6F5}.Release|Any CPU.Build.0 = Release|Any CPU
		{39E4F297-C698-441E-9819-B226BFDCD76A}.Debug|Any CPU.ActiveCfg = Debug|Any CPU
		{39E4F297-C698-441E-9819-B226BFDCD76A}.Debug|Any CPU.Build.0 = Debug|Any CPU
		{39E4F297-C698-441E-9819-B226BFDCD76A}.Release|Any CPU.ActiveCfg = Release|Any CPU
		{39E4F297-C698-441E-9819-B226BFDCD76A}.Release|Any CPU.Build.0 = Release|Any CPU
	EndGlobalSection
	GlobalSection(SolutionProperties) = preSolution
		HideSolutionNode = FALSE
	EndGlobalSection
	GlobalSection(NestedProjects) = preSolution
		{722E3504-79B3-466F-9627-DBA0C6605EBA} = {02EA681E-C7D8-13C7-8484-4AC65E1B71E8}
		{5F404903-8930-4FFB-B4F2-879DA03A1806} = {02EA681E-C7D8-13C7-8484-4AC65E1B71E8}
		{09FD7BD2-AF97-4E70-BFBB-BDF1CEBA63B0} = {02EA681E-C7D8-13C7-8484-4AC65E1B71E8}
		{4943EE97-BBB1-4B72-A7E2-BCFE41350A7D} = {5559B03E-2907-4D01-A39D-2FF1FB225D6B}
		{1249A230-0E35-4A53-BD91-C24232A8C6F5} = {5559B03E-2907-4D01-A39D-2FF1FB225D6B}
		{39E4F297-C698-441E-9819-B226BFDCD76A} = {5559B03E-2907-4D01-A39D-2FF1FB225D6B}
	EndGlobalSection
	GlobalSection(ExtensibilityGlobals) = postSolution
		SolutionGuid = {F12A3032-11A7-4B01-A6E6-DE53AF480492}
	EndGlobalSection
EndGlobal
